
Microsoft Visual Studio Solution File, Format Version 12.00
# Visual Studio Version 17
VisualStudioVersion = 17.7.34202.233
MinimumVisualStudioVersion = 10.0.40219.1
Project("{FAE04EC0-301F-11D3-BF4B-00C04F79EFBC}") = "switchcasemonthofyear", "switchcasemonthofyear.csproj", "{3450B025-1168-4278-800B-59E26E5865CF}"
EndProject
Global
	GlobalSection(SolutionConfigurationPlatforms) = preSolution
		Debug|Any CPU = Debug|Any CPU
		Release|Any CPU = Release|Any CPU
	EndGlobalSection
	GlobalSection(ProjectConfigurationPlatforms) = postSolution
		{3450B025-1168-4278-800B-59E26E5865CF}.Debug|Any CPU.ActiveCfg = Debug|Any CPU
		{3450B025-1168-4278-800B-59E26E5865CF}.Debug|Any CPU.Build.0 = Debug|Any CPU
		{3450B025-1168-4278-800B-59E26E5865CF}.Release|Any CPU.ActiveCfg = Release|Any CPU
		{3450B025-1168-4278-800B-59E26E5865CF}.Release|Any CPU.Build.0 = Release|Any CPU
	EndGlobalSection
	GlobalSection(SolutionProperties) = preSolution
		HideSolutionNode = FALSE
	EndGlobalSection
	GlobalSection(ExtensibilityGlobals) = postSolution
		SolutionGuid = {8D96E9C4-AF6B-436A-984F-58CBA1D57E58}
	EndGlobalSection
EndGlobal
